
Microsoft Visual Studio Solution File, Format Version 10.00
# Visual Studio 2008
Project("{FAE04EC0-301F-11D3-BF4B-00C04F79EFBC}") = "MQDemo", "MQDemo\MQDemo.csproj", "{5A8F34B9-D5DD-4951-A7A7-DCB80B2CC092}"
EndProject
Project("{FAE04EC0-301F-11D3-BF4B-00C04F79EFBC}") = "MQDemoProducer", "MQProducerDemo\MQDemoProducer.csproj", "{6858385E-A1F8-4B7F-8DC8-D3EEF3391C57}"
EndProject
Global
	GlobalSection(SolutionConfigurationPlatforms) = preSolution
		Debug|Any CPU = Debug|Any CPU
		Release|Any CPU = Release|Any CPU
	EndGlobalSection
	GlobalSection(ProjectConfigurationPlatforms) = postSolution
		{5A8F34B9-D5DD-4951-A7A7-DCB80B2CC092}.Debug|Any CPU.ActiveCfg = Debug|Any CPU
		{5A8F34B9-D5DD-4951-A7A7-DCB80B2CC092}.Debug|Any CPU.Build.0 = Debug|Any CPU
		{5A8F34B9-D5DD-4951-A7A7-DCB80B2CC092}.Release|Any CPU.ActiveCfg = Release|Any CPU
		{5A8F34B9-D5DD-4951-A7A7-DCB80B2CC092}.Release|Any CPU.Build.0 = Release|Any CPU
		{6858385E-A1F8-4B7F-8DC8-D3EEF3391C57}.Debug|Any CPU.ActiveCfg = Debug|Any CPU
		{6858385E-A1F8-4B7F-8DC8-D3EEF3391C57}.Debug|Any CPU.Build.0 = Debug|Any CPU
		{6858385E-A1F8-4B7F-8DC8-D3EEF3391C57}.Release|Any CPU.ActiveCfg = Release|Any CPU
		{6858385E-A1F8-4B7F-8DC8-D3EEF3391C57}.Release|Any CPU.Build.0 = Release|Any CPU
	EndGlobalSection
	GlobalSection(SolutionProperties) = preSolution
		HideSolutionNode = FALSE
	EndGlobalSection
EndGlobal
